
Microsoft Visual Studio Solution File, Format Version 12.00
# Visual Studio Version 16
VisualStudioVersion = 16.0.30114.105
MinimumVisualStudioVersion = 10.0.40219.1
Project("{9A19103F-16F7-4668-BE54-9A1E7A4F7556}") = "NetSettingsCore", "NetSettings\NetSettingsCore.csproj", "{4E5FC3A6-3959-4A03-9EE0-C8C179A37277}"
EndProject
Project("{9A19103F-16F7-4668-BE54-9A1E7A4F7556}") = "NetSettingsTestCore", "NetSettingsTest\NetSettingsTestCore.csproj", "{FDA66F8D-AB54-4EC4-B158-2453F970B0EC}"
EndProject
Project("{FAE04EC0-301F-11D3-BF4B-00C04F79EFBC}") = "AvaloniaMVVM", "AvaloniaMVVM\AvaloniaMVVM.csproj", "{68D13C20-E81B-41A7-8036-F90EBFE60730}"
EndProject
Project("{9A19103F-16F7-4668-BE54-9A1E7A4F7556}") = "AvaloniaApplication", "AvaloniaApplication\AvaloniaApplication.csproj", "{FC7427C1-6FE8-4B6C-9D22-CCA159B26AB3}"
EndProject
Project("{8BC9CEB8-8B4A-11D0-8D11-00A0C91BC942}") = "Project1uwp", "Project1uwp\Project1uwp.vcxitems", "{D1EDBE82-4C80-4CB4-9BE3-D11F355828C9}"
EndProject
Project("{9A19103F-16F7-4668-BE54-9A1E7A4F7556}") = "NetSettingsCore.WinForms", "NetSettingsCore.WinForms\NetSettingsCore.WinForms.csproj", "{67569590-8142-4CDD-B57B-621758A30CEF}"
EndProject
Project("{9A19103F-16F7-4668-BE54-9A1E7A4F7556}") = "NetSettingsCore.Common", "NetSettingsCore.Common\NetSettingsCore.Common.csproj", "{FAB30CEF-03DA-4664-8E22-794928B5D19A}"
EndProject
Project("{9A19103F-16F7-4668-BE54-9A1E7A4F7556}") = "NetSettingsCore.Avalonia", "NetSettingsCore.Avalonia\NetSettingsCore.Avalonia.csproj", "{0C82D535-0E8F-4334-B5DA-3AF8497291FA}"
EndProject
Project("{9A19103F-16F7-4668-BE54-9A1E7A4F7556}") = "WinFormsCustomControls", "CustomControls\WinForms\WinFormsCustomControls.csproj", "{715BC09E-5F2F-431C-AF20-7459255EFC2F}"
EndProject
Global
	GlobalSection(SolutionConfigurationPlatforms) = preSolution
		Debug|Any CPU = Debug|Any CPU
		Release|Any CPU = Release|Any CPU
	EndGlobalSection
	GlobalSection(ProjectConfigurationPlatforms) = postSolution
		{4E5FC3A6-3959-4A03-9EE0-C8C179A37277}.Debug|Any CPU.ActiveCfg = Debug|Any CPU
		{4E5FC3A6-3959-4A03-9EE0-C8C179A37277}.Debug|Any CPU.Build.0 = Debug|Any CPU
		{4E5FC3A6-3959-4A03-9EE0-C8C179A37277}.Release|Any CPU.ActiveCfg = Release|Any CPU
		{4E5FC3A6-3959-4A03-9EE0-C8C179A37277}.Release|Any CPU.Build.0 = Release|Any CPU
		{FDA66F8D-AB54-4EC4-B158-2453F970B0EC}.Debug|Any CPU.ActiveCfg = Debug|Any CPU
		{FDA66F8D-AB54-4EC4-B158-2453F970B0EC}.Debug|Any CPU.Build.0 = Debug|Any CPU
		{FDA66F8D-AB54-4EC4-B158-2453F970B0EC}.Release|Any CPU.ActiveCfg = Release|Any CPU
		{FDA66F8D-AB54-4EC4-B158-2453F970B0EC}.Release|Any CPU.Build.0 = Release|Any CPU
		{68D13C20-E81B-41A7-8036-F90EBFE60730}.Debug|Any CPU.ActiveCfg = Debug|Any CPU
		{68D13C20-E81B-41A7-8036-F90EBFE60730}.Debug|Any CPU.Build.0 = Debug|Any CPU
		{68D13C20-E81B-41A7-8036-F90EBFE60730}.Release|Any CPU.ActiveCfg = Release|Any CPU
		{68D13C20-E81B-41A7-8036-F90EBFE60730}.Release|Any CPU.Build.0 = Release|Any CPU
		{FC7427C1-6FE8-4B6C-9D22-CCA159B26AB3}.Debug|Any CPU.ActiveCfg = Debug|Any CPU
		{FC7427C1-6FE8-4B6C-9D22-CCA159B26AB3}.Debug|Any CPU.Build.0 = Debug|Any CPU
		{FC7427C1-6FE8-4B6C-9D22-CCA159B26AB3}.Release|Any CPU.ActiveCfg = Release|Any CPU
		{FC7427C1-6FE8-4B6C-9D22-CCA159B26AB3}.Release|Any CPU.Build.0 = Release|Any CPU
		{67569590-8142-4CDD-B57B-621758A30CEF}.Debug|Any CPU.ActiveCfg = Debug|Any CPU
		{67569590-8142-4CDD-B57B-621758A30CEF}.Debug|Any CPU.Build.0 = Debug|Any CPU
		{67569590-8142-4CDD-B57B-621758A30CEF}.Release|Any CPU.ActiveCfg = Release|Any CPU
		{67569590-8142-4CDD-B57B-621758A30CEF}.Release|Any CPU.Build.0 = Release|Any CPU
		{FAB30CEF-03DA-4664-8E22-794928B5D19A}.Debug|Any CPU.ActiveCfg = Debug|Any CPU
		{FAB30CEF-03DA-4664-8E22-794928B5D19A}.Debug|Any CPU.Build.0 = Debug|Any CPU
		{FAB30CEF-03DA-4664-8E22-794928B5D19A}.Release|Any CPU.ActiveCfg = Release|Any CPU
		{FAB30CEF-03DA-4664-8E22-794928B5D19A}.Release|Any CPU.Build.0 = Release|Any CPU
		{0C82D535-0E8F-4334-B5DA-3AF8497291FA}.Debug|Any CPU.ActiveCfg = Debug|Any CPU
		{0C82D535-0E8F-4334-B5DA-3AF8497291FA}.Debug|Any CPU.Build.0 = Debug|Any CPU
		{0C82D535-0E8F-4334-B5DA-3AF8497291FA}.Release|Any CPU.ActiveCfg = Release|Any CPU
		{0C82D535-0E8F-4334-B5DA-3AF8497291FA}.Release|Any CPU.Build.0 = Release|Any CPU
		{715BC09E-5F2F-431C-AF20-7459255EFC2F}.Debug|Any CPU.ActiveCfg = Debug|Any CPU
		{715BC09E-5F2F-431C-AF20-7459255EFC2F}.Debug|Any CPU.Build.0 = Debug|Any CPU
		{715BC09E-5F2F-431C-AF20-7459255EFC2F}.Release|Any CPU.ActiveCfg = Release|Any CPU
		{715BC09E-5F2F-431C-AF20-7459255EFC2F}.Release|Any CPU.Build.0 = Release|Any CPU
	EndGlobalSection
	GlobalSection(SolutionProperties) = preSolution
		HideSolutionNode = FALSE
	EndGlobalSection
	GlobalSection(ExtensibilityGlobals) = postSolution
		SolutionGuid = {1DBAC974-4A21-4685-9A38-9D0F4E03549D}
	EndGlobalSection
EndGlobal
