
Microsoft Visual Studio Solution File, Format Version 12.00
# Visual Studio Version 16
VisualStudioVersion = 16.0.31605.320
MinimumVisualStudioVersion = 10.0.40219.1
Project("{9A19103F-16F7-4668-BE54-9A1E7A4F7556}") = "Netsettings", "Netsettings\Netsettings.csproj", "{D6E7560D-9062-44EC-8436-333A8C5438F1}"
EndProject
Project("{9A19103F-16F7-4668-BE54-9A1E7A4F7556}") = "NetSettingsTest", "NetSettingsTest\NetSettingsTest.csproj", "{FEC7FCDE-40D8-4B40-B745-6A80279F8769}"
EndProject
Global
	GlobalSection(SolutionConfigurationPlatforms) = preSolution
		Debug|Any CPU = Debug|Any CPU
		Release|Any CPU = Release|Any CPU
	EndGlobalSection
	GlobalSection(ProjectConfigurationPlatforms) = postSolution
		{D6E7560D-9062-44EC-8436-333A8C5438F1}.Debug|Any CPU.ActiveCfg = Debug|Any CPU
		{D6E7560D-9062-44EC-8436-333A8C5438F1}.Debug|Any CPU.Build.0 = Debug|Any CPU
		{D6E7560D-9062-44EC-8436-333A8C5438F1}.Release|Any CPU.ActiveCfg = Release|Any CPU
		{D6E7560D-9062-44EC-8436-333A8C5438F1}.Release|Any CPU.Build.0 = Release|Any CPU
		{FEC7FCDE-40D8-4B40-B745-6A80279F8769}.Debug|Any CPU.ActiveCfg = Debug|Any CPU
		{FEC7FCDE-40D8-4B40-B745-6A80279F8769}.Debug|Any CPU.Build.0 = Debug|Any CPU
		{FEC7FCDE-40D8-4B40-B745-6A80279F8769}.Release|Any CPU.ActiveCfg = Release|Any CPU
		{FEC7FCDE-40D8-4B40-B745-6A80279F8769}.Release|Any CPU.Build.0 = Release|Any CPU
	EndGlobalSection
	GlobalSection(SolutionProperties) = preSolution
		HideSolutionNode = FALSE
	EndGlobalSection
	GlobalSection(ExtensibilityGlobals) = postSolution
		SolutionGuid = {9C49990E-1821-492B-A00E-727647A48136}
	EndGlobalSection
EndGlobal
