
Microsoft Visual Studio Solution File, Format Version 12.00
# Visual Studio Version 16
VisualStudioVersion = 16.0.30114.105
MinimumVisualStudioVersion = 10.0.40219.1
Project("{FAE04EC0-301F-11D3-BF4B-00C04F79EFBC}") = "NetSettings", "NetSettings\NetSettings.csproj", "{E91E162C-E570-4B3C-A37B-280F8C24E7E9}"
EndProject
Project("{FAE04EC0-301F-11D3-BF4B-00C04F79EFBC}") = "NetSettingsTest", "NetSettingsTest\NetSettingsTest.csproj", "{ACECAFD8-E6B3-4F58-B8BE-26C5BFBE50C9}"
EndProject
Global
	GlobalSection(SolutionConfigurationPlatforms) = preSolution
		Debug|Any CPU = Debug|Any CPU
		Release|Any CPU = Release|Any CPU
	EndGlobalSection
	GlobalSection(ProjectConfigurationPlatforms) = postSolution
		{E91E162C-E570-4B3C-A37B-280F8C24E7E9}.Debug|Any CPU.ActiveCfg = Debug|Any CPU
		{E91E162C-E570-4B3C-A37B-280F8C24E7E9}.Debug|Any CPU.Build.0 = Debug|Any CPU
		{E91E162C-E570-4B3C-A37B-280F8C24E7E9}.Release|Any CPU.ActiveCfg = Release|Any CPU
		{E91E162C-E570-4B3C-A37B-280F8C24E7E9}.Release|Any CPU.Build.0 = Release|Any CPU
		{ACECAFD8-E6B3-4F58-B8BE-26C5BFBE50C9}.Debug|Any CPU.ActiveCfg = Debug|Any CPU
		{ACECAFD8-E6B3-4F58-B8BE-26C5BFBE50C9}.Debug|Any CPU.Build.0 = Debug|Any CPU
		{ACECAFD8-E6B3-4F58-B8BE-26C5BFBE50C9}.Release|Any CPU.ActiveCfg = Release|Any CPU
		{ACECAFD8-E6B3-4F58-B8BE-26C5BFBE50C9}.Release|Any CPU.Build.0 = Release|Any CPU
	EndGlobalSection
	GlobalSection(SolutionProperties) = preSolution
		HideSolutionNode = FALSE
	EndGlobalSection
	GlobalSection(ExtensibilityGlobals) = postSolution
		SolutionGuid = {1DBAC974-4A21-4685-9A38-9D0F4E03549D}
	EndGlobalSection
EndGlobal
